
Microsoft Visual Studio Solution File, Format Version 12.00
# Visual Studio 15
VisualStudioVersion = 15.0.27703.2018
MinimumVisualStudioVersion = 10.0.40219.1
Project("{FAE04EC0-301F-11D3-BF4B-00C04F79EFBC}") = "UnMerge ASN Report", "UnMerge ASN Report\UnMerge ASN Report.csproj", "{C281B887-D6E7-4540-99CE-FEFB7A334005}"
EndProject
Global
	GlobalSection(SolutionConfigurationPlatforms) = preSolution
		Debug|Any CPU = Debug|Any CPU
		Release|Any CPU = Release|Any CPU
	EndGlobalSection
	GlobalSection(ProjectConfigurationPlatforms) = postSolution
		{C281B887-D6E7-4540-99CE-FEFB7A334005}.Debug|Any CPU.ActiveCfg = Debug|Any CPU
		{C281B887-D6E7-4540-99CE-FEFB7A334005}.Debug|Any CPU.Build.0 = Debug|Any CPU
		{C281B887-D6E7-4540-99CE-FEFB7A334005}.Release|Any CPU.ActiveCfg = Release|Any CPU
		{C281B887-D6E7-4540-99CE-FEFB7A334005}.Release|Any CPU.Build.0 = Release|Any CPU
	EndGlobalSection
	GlobalSection(SolutionProperties) = preSolution
		HideSolutionNode = FALSE
	EndGlobalSection
	GlobalSection(ExtensibilityGlobals) = postSolution
		SolutionGuid = {670C2A96-E42D-498C-B8B9-5106FB4E6A11}
	EndGlobalSection
EndGlobal
